
Microsoft Visual Studio Solution File, Format Version 12.00
# Visual Studio Version 17
VisualStudioVersion = 17.5.33516.290
MinimumVisualStudioVersion = 10.0.40219.1
Project("{FAE04EC0-301F-11D3-BF4B-00C04F79EFBC}") = "ATMClassWork", "ATMClassWork\ATMClassWork.csproj", "{01980988-9BA1-4A6F-9C99-2B966A33015E}"
EndProject
Global
	GlobalSection(SolutionConfigurationPlatforms) = preSolution
		Debug|Any CPU = Debug|Any CPU
		Release|Any CPU = Release|Any CPU
	EndGlobalSection
	GlobalSection(ProjectConfigurationPlatforms) = postSolution
		{01980988-9BA1-4A6F-9C99-2B966A33015E}.Debug|Any CPU.ActiveCfg = Debug|Any CPU
		{01980988-9BA1-4A6F-9C99-2B966A33015E}.Debug|Any CPU.Build.0 = Debug|Any CPU
		{01980988-9BA1-4A6F-9C99-2B966A33015E}.Release|Any CPU.ActiveCfg = Release|Any CPU
		{01980988-9BA1-4A6F-9C99-2B966A33015E}.Release|Any CPU.Build.0 = Release|Any CPU
	EndGlobalSection
	GlobalSection(SolutionProperties) = preSolution
		HideSolutionNode = FALSE
	EndGlobalSection
	GlobalSection(ExtensibilityGlobals) = postSolution
		SolutionGuid = {3567BB24-A17B-4D19-A950-431DDD55ABA5}
	EndGlobalSection
EndGlobal
